
Microsoft Visual Studio Solution File, Format Version 12.00
# Visual Studio Version 16
VisualStudioVersion = 16.0.32106.194
MinimumVisualStudioVersion = 10.0.40219.1
Project("{FAE04EC0-301F-11D3-BF4B-00C04F79EFBC}") = "ButtonCommand", "ButtonCommand\ButtonCommand.csproj", "{F02F44F0-41C0-4E5D-9E31-B09255B345D5}"
EndProject
Global
	GlobalSection(SolutionConfigurationPlatforms) = preSolution
		Debug|Any CPU = Debug|Any CPU
		Release|Any CPU = Release|Any CPU
	EndGlobalSection
	GlobalSection(ProjectConfigurationPlatforms) = postSolution
		{F02F44F0-41C0-4E5D-9E31-B09255B345D5}.Debug|Any CPU.ActiveCfg = Debug|Any CPU
		{F02F44F0-41C0-4E5D-9E31-B09255B345D5}.Debug|Any CPU.Build.0 = Debug|Any CPU
		{F02F44F0-41C0-4E5D-9E31-B09255B345D5}.Release|Any CPU.ActiveCfg = Release|Any CPU
		{F02F44F0-41C0-4E5D-9E31-B09255B345D5}.Release|Any CPU.Build.0 = Release|Any CPU
	EndGlobalSection
	GlobalSection(SolutionProperties) = preSolution
		HideSolutionNode = FALSE
	EndGlobalSection
	GlobalSection(ExtensibilityGlobals) = postSolution
		SolutionGuid = {0AAB12E1-B294-4317-AB52-92648A550546}
	EndGlobalSection
EndGlobal
